{
  "version": 1,
  "dependencies": {
    "net10.0": {
      "xunit.v3": {
        "type": "Direct",
        "requested": "[4.0.1, )",
        "resolved": "4.0.1",
        "contentHash": "KpDYf6jFjYfOchuRJOAXPOpwN03hLE1AF4kWzCUSnhr8JZMiGH4BT1YidCcm6BE1H4E90GyJzuKoCwXbg9PXmA==",
        "dependencies": {
          "xunit.v3.mtp-v2": "[4.0.1]"
        }
      },
      "Microsoft.ApplicationInsights": {
        "type": "Transitive",
        "resolved": "2.23.0",
        "contentHash": "nWArUZTdU7iqZLycLKWe0TDms48KKGE6pONH2terYNa8REXiqixrMOkf1sk5DHGMaUTqONU2YkS4SAXBhLStgw=="
      },
      "Microsoft.Bcl.AsyncInterfaces": {
        "type": "Transitive",
        "resolved": "6.0.0",
        "contentHash": "UcSjPsst+DfAdJGVDsu346FX0ci0ah+lw3WRtn18NUwEqRt70HaOQ7lI72vy3+1LxtqI3T5GWwV39rQSrCzAeg=="
      },
      "Microsoft.Testing.Extensions.Telemetry": {
        "type": "Transitive",
        "resolved": "2.4.0",
        "contentHash": "JeP1RFqBa11fWmBk8xEfZcMKr4rxWSyI6OZ+659V069CaMkTEOQBW2UdSSeNz3absOsygcn7JJkzerC4LGnZ9w==",
        "dependencies": {
          "Microsoft.ApplicationInsights": "2.23.0",
          "Microsoft.Testing.Platform": "[2.4.0, 3.0.0)"
        }
      },
      "Microsoft.Testing.Extensions.TrxReport.Abstractions": {
        "type": "Transitive",
        "resolved": "2.4.0",
        "contentHash": "uRb+4qM42dFDg4kWJZ2kFEcwESNVCRZJjItp5vETorN3rSJGysP617LqYirOcrCYmxg+obPreHMM5JcsNDKtBw==",
        "dependencies": {
          "Microsoft.Testing.Platform": "[2.4.0, 3.0.0)"
        }
      },
      "Microsoft.Testing.Platform": {
        "type": "Transitive",
        "resolved": "2.4.0",
        "contentHash": "dp1N3P1ujb0ztwFgqz2o/ItEvq+pm19/AiA+Xq7Zpcy7oPMcxDBZLYGtf0LlU1MveEBJuKVjZhI+LnkfcH/0jQ=="
      },
      "Microsoft.Testing.Platform.MSBuild": {
        "type": "Transitive",
        "resolved": "2.4.0",
        "contentHash": "qr5M6h16YHMJLFDcWELFVMMpGte2BUmveBZKT5YoBV+bmuJRPu9bv/Zqke4yQuOEKRNxoAETrG5jr+/6Rnr3Hg==",
        "dependencies": {
          "Microsoft.Testing.Platform": "[2.4.0, 3.0.0)"
        }
      },
      "Microsoft.Win32.Registry": {
        "type": "Transitive",
        "resolved": "5.0.0",
        "contentHash": "dDoKi0PnDz31yAyETfRntsLArTlVAVzUzCIvvEDsDsucrl33Dl8pIJG06ePTJTI3tGpeyHS9Cq7Foc/s4EeKcg=="
      },
      "Platform.Collections": {
        "type": "Transitive",
        "resolved": "0.4.0",
        "contentHash": "ofU+XTf0CJry3dnpSq5pdiz8cArZDlrd3IaGtYoV8L6e+OhTdx2n544s+XLOZK90KJUsNv/docu2Y97Asdbvuw==",
        "dependencies": {
          "Platform.Disposables": "0.4.0",
          "Platform.Interfaces": "0.5.0",
          "Platform.Random": "0.3.0",
          "Platform.Ranges": "0.5.0"
        }
      },
      "Platform.Collections.Methods": {
        "type": "Transitive",
        "resolved": "0.7.3",
        "contentHash": "GG+XkIiZWlg96w9HxBeCeGrWdXr6+ST8L8piPjvC4lVrB0XaJNWWj+FYSnQOcX7MZOXs70Y6+e5eD0t1GygB5g==",
        "dependencies": {
          "Platform.Numbers": "0.9.0"
        }
      },
      "Platform.Converters": {
        "type": "Transitive",
        "resolved": "0.4.0",
        "contentHash": "Rz4gLL2zPB/KsqORljmhMaQR8EVcTBnRRO2rz91F/nu+qJXuzpurx4VgtnL0lyso0NfkmNJffTiLucxwYX9pWQ==",
        "dependencies": {
          "Platform.Reflection": "0.7.0"
        }
      },
      "Platform.Data": {
        "type": "Transitive",
        "resolved": "0.16.1",
        "contentHash": "1JdpgdWbowNgVx+aJatRyTEL5CS+hB5mjOJD57+R26XfbCpIsscJwL+Kcmk/ivaop6OABd3SX7M2DaAhYHXKtw==",
        "dependencies": {
          "Platform.Delegates": "0.1.1",
          "Platform.Numbers": "0.9.0",
          "Platform.Setters": "0.5.0",
          "Platform.Threading": "0.4.0"
        }
      },
      "Platform.Data.Doublets": {
        "type": "Transitive",
        "resolved": "0.18.1",
        "contentHash": "b6p7GgLDonEnRdhuy3Xsn/N5g5Qq+aivapAlkFH/Mk/MDTDiSJ0C1wnViC4Ff9/d6IXfmh2Sv/TeGIkyKbTOTw==",
        "dependencies": {
          "Platform.Collections.Methods": "0.7.3",
          "Platform.Data": "0.16.1",
          "Platform.Data.Doublets.FFI": "0.9.0",
          "Platform.Memory": "0.4.1",
          "Platform.Random": "0.3.0",
          "Platform.Singletons": "0.3.0",
          "Platform.Timestamps": "0.3.0"
        }
      },
      "Platform.Data.Doublets.FFI": {
        "type": "Transitive",
        "resolved": "0.9.0",
        "contentHash": "NRgGyihV3sdmvNW9SLnwBV14zkq89GJlTgyeiB+EKT2cMOkCjZtd55C/M0Sy5tLkZ076rBcup4jLFKmejnS2tg=="
      },
      "Platform.Delegates": {
        "type": "Transitive",
        "resolved": "0.1.1",
        "contentHash": "+182klZgGEJ+yWtxz3BMrTCYcpSXjvJzrYzpK+W2UecAaDKLvLyehjPlMfta+dM/XlKbPt53Wf20vhI1kul0SQ=="
      },
      "Platform.Disposables": {
        "type": "Transitive",
        "resolved": "0.4.0",
        "contentHash": "ko0W4cw5XhNxJANdO1T8srpWRVqpPiXtCohumlbTu33kivRBEmk1ivDsySaNhKTyuYjJnrjRYrgA1iEb2sS+/Q==",
        "dependencies": {
          "Platform.Exceptions": "0.5.0"
        }
      },
      "Platform.Exceptions": {
        "type": "Transitive",
        "resolved": "0.5.0",
        "contentHash": "htu3iyPVJinbLxU1I1cpc2qFlur7IF2fTc9u2jqQ+3X1Lyzd3aeK9Y7gJu9ZkdnIO3tbdO6wxr1HZG4UhaIG8A=="
      },
      "Platform.Interfaces": {
        "type": "Transitive",
        "resolved": "0.5.0",
        "contentHash": "OBViyjgCYWaXH8xhibYL/fbwHfPP/+qVUDxcFGH22IaYzbrFbfNR5TxW6gsk3LR9QXLANnrLsuI7phZueoj/Tw=="
      },
      "Platform.IO": {
        "type": "Transitive",
        "resolved": "0.5.1",
        "contentHash": "MZ+uZIrDZuNZZu8J8gv8RcXwGihSTEo9UvFoRHCGIXQnaQxnJ0gBIF5s/zSjJ1+h8c78lv/wmlSvh4zMzwyJIQ==",
        "dependencies": {
          "Platform.Threading": "0.5.0",
          "Platform.Unsafe": "0.6.1"
        }
      },
      "Platform.Memory": {
        "type": "Transitive",
        "resolved": "0.4.1",
        "contentHash": "Jz4Xb0B8pmh6BU9hhvqMgK2L+R0fCxSk1bGWL7WK/WYKAYSuGaJUAvzWdJLTECyfs+w6PVUxXK53q1OXxHRmMQ==",
        "dependencies": {
          "Platform.IO": "0.5.1"
        }
      },
      "Platform.Numbers": {
        "type": "Transitive",
        "resolved": "0.9.0",
        "contentHash": "0GgZSH0p+jP933DKtLzCfOAdkJ1cNKrSrisXgMKy0zTMBZOxMxzs83IVXwBju66vm5N/w6lFq8HwCLW0gQsYVA==",
        "dependencies": {
          "Platform.Converters": "0.4.0"
        }
      },
      "Platform.Random": {
        "type": "Transitive",
        "resolved": "0.3.0",
        "contentHash": "GX24Xx45cUIr9EZl55evdwb7oYN/nimpoNqDG4zoMDDLqeEpL35zX8IiHHDYITV9F4bjrCrSEiRCVsRFAsi7SQ==",
        "dependencies": {
          "Platform.Ranges": "0.5.0"
        }
      },
      "Platform.Ranges": {
        "type": "Transitive",
        "resolved": "0.5.0",
        "contentHash": "CUhZM/4F714NAyrtWtkBx78L4xJpFZ1wp+6ivFvpAXx6DsaBcBsyDxjn5eoLB9LSUYxB11gFkwwmXmJhMgZ3qw==",
        "dependencies": {
          "Platform.Exceptions": "0.5.0"
        }
      },
      "Platform.Reflection": {
        "type": "Transitive",
        "resolved": "0.7.0",
        "contentHash": "CvpRnDWH5YArcXlY7lcY0mDYQCtnJAeZsqZ4/IdllJoj7z8JwTufeo/zK62Vn6K0ulTyHNhb+/T3HFusxnrfxA==",
        "dependencies": {
          "Platform.Collections": "0.4.0"
        }
      },
      "Platform.Setters": {
        "type": "Transitive",
        "resolved": "0.5.0",
        "contentHash": "vZG+VnYc4u2x5vnBY7rqaFHtOS2AeoLwGV+02JBFa9pxluHwVTu4nVcVBTJTlenZSfAoZUNVsV1StnUWvINkCQ==",
        "dependencies": {
          "Platform.Delegates": "0.1.1",
          "Platform.Interfaces": "0.5.0"
        }
      },
      "Platform.Singletons": {
        "type": "Transitive",
        "resolved": "0.3.0",
        "contentHash": "fCfNw4CqPL6HzsUJVVYI/OLYXGkjmdDCe+QWThW8hPoNNlqMZ+FWbfBXbXpCuDYw9EYhLDlhuTAQMbqNt7kCzg==",
        "dependencies": {
          "Platform.Reflection": "0.7.0"
        }
      },
      "Platform.Threading": {
        "type": "Transitive",
        "resolved": "0.5.0",
        "contentHash": "Q0p5oVDbhQ76IGHi/vYIX+de9T270XZmNgjNbHtobc+AoJbIWGf+kZXTzq+MmEfXS2ANtGNe9uWN1a7Nzp7olQ==",
        "dependencies": {
          "Platform.Collections": "0.4.0"
        }
      },
      "Platform.Timestamps": {
        "type": "Transitive",
        "resolved": "0.3.0",
        "contentHash": "Lmhm8Vp0DobTlxSVTPZZE+3ABTrvuofcmTQOWZv6TyiZ5NyFBH6m61vZdnIkMa/3lQguKvGfgMsUT97p0t5x7w==",
        "dependencies": {
          "Platform.Interfaces": "0.5.0"
        }
      },
      "Platform.Unsafe": {
        "type": "Transitive",
        "resolved": "0.6.1",
        "contentHash": "GbKgPC7lfw+q2GqQEch0NSxHOZXxoLTj3ChjdRZIQBvZnGWzYH6nat8glfTJseOmgdabIxlwogFECoai0O3akA==",
        "dependencies": {
          "Platform.Numbers": "0.7.0"
        }
      },
      "SpacetimeDB.BSATN.Runtime": {
        "type": "Transitive",
        "resolved": "2.10.1",
        "contentHash": "EvVdnyTOy+qK1OOYMBC3HxqjkzoCffXhS8phh7yefwoToF297qMeSLd9uSAw8MJOwJ+3Nu050fSzO8wIm3sCfw=="
      },
      "SpacetimeDB.ClientSDK": {
        "type": "Transitive",
        "resolved": "2.10.1",
        "contentHash": "w9AyBZzKQR74gws6jXqaAJ9Bc5C9SmJOoN9Xr/RvXrXnKmvTjFfXceOa/VBYrtTwou4tZmuaj3/ljI9EphYMDQ==",
        "dependencies": {
          "SpacetimeDB.BSATN.Runtime": "2.10.1"
        }
      },
      "System.Security.AccessControl": {
        "type": "Transitive",
        "resolved": "6.0.1",
        "contentHash": "IQ4NXP/B3Ayzvw0rDQzVTYsCKyy0Jp9KI6aYcK7UnGVlR9+Awz++TIPCQtPYfLJfOpm8ajowMR09V7quD3sEHw=="
      },
      "xunit.analyzers": {
        "type": "Transitive",
        "resolved": "2.1.0",
        "contentHash": "X7QXEcZQGz0G/HL4HUyK+aAvNa/IMGbOCnFIq4jD/Evktq12xANKwzOUr7b08vCmC1LXu/47qHWOdjm3KfaJ0A=="
      },
      "xunit.v3.assert": {
        "type": "Transitive",
        "resolved": "4.0.1",
        "contentHash": "nC7d3cY06Oo7hkdwWPZkBR0Ud75xNhgx0P7i0GmMMZC3puCGlc4szFiT30biH03IN/eDnr8h+nv3A1UD17bk/A=="
      },
      "xunit.v3.common": {
        "type": "Transitive",
        "resolved": "4.0.1",
        "contentHash": "Qf25TVdadDQYf9zVxSd7L9RNQhuP0jCUHmo96XTmIKLxGefylIEV63jRbXBPFzdXmV09TCdcurk+AQ9LiWS2Hg==",
        "dependencies": {
          "Microsoft.Bcl.AsyncInterfaces": "6.0.0"
        }
      },
      "xunit.v3.core.mtp-v2": {
        "type": "Transitive",
        "resolved": "4.0.1",
        "contentHash": "7qfTfrIfS2wybpSVyRLmhXHbSudD2eNw66LfukixmKsRCTcfvOrLsx0qGL/lObcEh3Z2F4SIXgoFnLIiB8yfjQ==",
        "dependencies": {
          "Microsoft.Testing.Extensions.Telemetry": "2.4.0",
          "Microsoft.Testing.Extensions.TrxReport.Abstractions": "2.4.0",
          "Microsoft.Testing.Platform": "2.4.0",
          "Microsoft.Testing.Platform.MSBuild": "2.4.0",
          "xunit.v3.extensibility.core": "[4.0.1]",
          "xunit.v3.runner.inproc.console": "[4.0.1]"
        }
      },
      "xunit.v3.extensibility.core": {
        "type": "Transitive",
        "resolved": "4.0.1",
        "contentHash": "J0d5OfFcp920nZxCRIvU14+TZhiSPQR0wvqEMZ3MRiJLPu1VmYlcRNkmcSW0i1DwkB81gAHc+fHUQf/cU64MYg==",
        "dependencies": {
          "xunit.v3.common": "[4.0.1]"
        }
      },
      "xunit.v3.mtp-v2": {
        "type": "Transitive",
        "resolved": "4.0.1",
        "contentHash": "s88KiWwDDYgOWV3A+ViJiqCe9cLU/Rt6Gb5TfOC7Abv/HKSoj4IHVPcOQk7jPt7HhZHHEts5IuaVpB30eO5B1w==",
        "dependencies": {
          "xunit.analyzers": "2.1.0",
          "xunit.v3.assert": "[4.0.1]",
          "xunit.v3.core.mtp-v2": "[4.0.1]"
        }
      },
      "xunit.v3.runner.common": {
        "type": "Transitive",
        "resolved": "4.0.1",
        "contentHash": "p9AyfBpj2e5Iws8B57SbLiSngg7mEdvegHInKR4T2cjt2mis9h8htVgCnmu//agZO4zri6p6VQOj5EkHHTy3gA==",
        "dependencies": {
          "Microsoft.Win32.Registry": "[5.0.0]",
          "System.Security.AccessControl": "[6.0.1]",
          "xunit.v3.common": "[4.0.1]"
        }
      },
      "xunit.v3.runner.inproc.console": {
        "type": "Transitive",
        "resolved": "4.0.1",
        "contentHash": "Hqwfd6ehMIhPmVWUQ2dgmknzuLFTWeyp8ES1q3D4YR5bQVyiXDcaIoaFwqAz2zgLr49WaW4Mz7VVncP7u/Q8/Q==",
        "dependencies": {
          "xunit.v3.extensibility.core": "[4.0.1]",
          "xunit.v3.runner.common": "[4.0.1]"
        }
      },
      "spacetimedbvsdoublets": {
        "type": "Project",
        "dependencies": {
          "Platform.Data.Doublets": "[0.18.1, )",
          "SpacetimeDB.ClientSDK": "[2.10.1, )"
        }
      }
    }
  }
}